
Microsoft Visual Studio Solution File, Format Version 12.00
# Visual Studio Version 16
VisualStudioVersion = 16.0.29806.167
MinimumVisualStudioVersion = 10.0.40219.1
Project("{2150E333-8FDC-42A3-9474-1A3956D46DE8}") = "Core", "Core", "{72E6E038-4999-468D-83E2-E8C4AB2A116F}"
EndProject
Project("{2150E333-8FDC-42A3-9474-1A3956D46DE8}") = "Server", "Server", "{07CA1472-1C7D-400F-BFCC-FB0E09FAEE6E}"
EndProject
Project("{9A19103F-16F7-4668-BE54-9A1E7A4F7556}") = "Raet.UM.HAS.Server.WebApi", "Server\Raet.UM.HAS.Server.WebApi\Raet.UM.HAS.Server.WebApi.csproj", "{0265C8F1-246D-46FF-9F50-CC56A1C3274B}"
EndProject
Project("{9A19103F-16F7-4668-BE54-9A1E7A4F7556}") = "Raet.UM.HAS.Server.WebApi.Tests", "Server\Raet.UM.HAS.Server.WebApi.Tests\Raet.UM.HAS.Server.WebApi.Tests.csproj", "{6C718E6C-BF6F-4AA1-A1CF-6BD5E60BF27A}"
EndProject
Project("{9A19103F-16F7-4668-BE54-9A1E7A4F7556}") = "Raet.UM.HAS.Core.Application", "Core\Raet.UM.HAS.Core.Application\Raet.UM.HAS.Core.Application.csproj", "{765E540B-0922-495D-8B7B-038D1B93A968}"
EndProject
Project("{9A19103F-16F7-4668-BE54-9A1E7A4F7556}") = "Raet.UM.HAS.Core.Domain", "Core\Raet.UM.HAS.Core.Domain\Raet.UM.HAS.Core.Domain.csproj", "{253CC445-41BC-43FE-B8C8-9E0A4017266C}"
EndProject
Project("{2150E333-8FDC-42A3-9474-1A3956D46DE8}") = "Infrastructure", "Infrastructure", "{725BFAA5-A2C8-41E4-9BD0-622A86E14483}"
EndProject
Project("{9A19103F-16F7-4668-BE54-9A1E7A4F7556}") = "Raet.UM.HAS.Infrastructure.Storage.CosmosDB", "Infrastructure\Raet.UM.HAS.Infrastructure.EventStorage.CosmosDB\Raet.UM.HAS.Infrastructure.Storage.CosmosDB.csproj", "{6398F5E5-857B-47D3-BAE8-FC2E9157ED20}"
EndProject
Project("{2150E333-8FDC-42A3-9474-1A3956D46DE8}") = "Crosscutting", "Crosscutting", "{DE8256F6-675C-41B1-8540-E154F6590EA3}"
EndProject
Project("{9A19103F-16F7-4668-BE54-9A1E7A4F7556}") = "Raet.UM.HAS.Crosscutting.EventBus", "Crosscutting\Raet.UM.HAS.Crosscutting.EventBus\Raet.UM.HAS.Crosscutting.EventBus.csproj", "{58F866EC-6128-4124-91C0-8EF9E37CC319}"
EndProject
Project("{9A19103F-16F7-4668-BE54-9A1E7A4F7556}") = "Raet.UM.HAS.Crosscutting.EventBus.Tests", "Crosscutting\Raet.UM.HAS.Crosscutting.EventBus.Tests\Raet.UM.HAS.Crosscutting.EventBus.Tests.csproj", "{65A19A38-46EF-491D-AD44-AF820CFE3F81}"
EndProject
Project("{2150E333-8FDC-42A3-9474-1A3956D46DE8}") = "Configuration", "Configuration", "{FD1F3700-5A41-4006-97F7-46E539FB116B}"
EndProject
Project("{9A19103F-16F7-4668-BE54-9A1E7A4F7556}") = "Raet.UM.HAS.Configuration", "Configuration\Raet.UM.HAS.Configuration\Raet.UM.HAS.Configuration.csproj", "{6C3A512D-F6BA-4A97-8448-B7795C925442}"
EndProject
Project("{2150E333-8FDC-42A3-9474-1A3956D46DE8}") = "Application", "Application", "{676BADA8-9C9C-418B-BFAB-6F47186345F7}"
EndProject
Project("{2150E333-8FDC-42A3-9474-1A3956D46DE8}") = "Mocks", "Mocks", "{18982B65-9578-4BA1-AE67-FFDA0086D9E2}"
EndProject
Project("{9A19103F-16F7-4668-BE54-9A1E7A4F7556}") = "Raet.UM.HAS.Mocks", "Mocks\Raet.UM.HAS.Mocks\Raet.UM.HAS.Mocks.csproj", "{FA393602-E03C-4BB4-ADB8-B23571F1645E}"
EndProject
Project("{9A19103F-16F7-4668-BE54-9A1E7A4F7556}") = "Raet.UM.HAS.Core.Tests", "Core\Raet.UM.HAS.Core.Tests\Raet.UM.HAS.Core.Tests.csproj", "{176D94A6-2B5A-44FE-A7BD-88775DD39C23}"
EndProject
Project("{9A19103F-16F7-4668-BE54-9A1E7A4F7556}") = "Raet.UM.HAS.Core.Reporting", "Core\Raet.UM.HAS.Core.Reporting\Raet.UM.HAS.Core.Reporting.csproj", "{289D7C40-ACA6-4ECD-8C5F-AF60D939B34B}"
EndProject
Project("{9A19103F-16F7-4668-BE54-9A1E7A4F7556}") = "Raet.UM.HAS.DTOs", "DTOs\Raet.UM.HAS.DTOs\Raet.UM.HAS.DTOs.csproj", "{BCCACE63-6720-47ED-BC65-AAAB747ED9B3}"
EndProject
Project("{2150E333-8FDC-42A3-9474-1A3956D46DE8}") = "DTOs", "DTOs", "{210DB770-715E-4CE2-ADE9-6042FF131ACF}"
EndProject
Project("{9A19103F-16F7-4668-BE54-9A1E7A4F7556}") = "Raet.UM.HAS.Infrastructure.Storage.Table", "Infrastructure\Raet.UM.HAS.Infrastructure.Storage.Table\Raet.UM.HAS.Infrastructure.Storage.Table.csproj", "{37AAA063-799E-433E-A00E-28540C2E3553}"
EndProject
Project("{9A19103F-16F7-4668-BE54-9A1E7A4F7556}") = "Raet.UM.HAS.Infrastructure.Http", "Infrastructure\Raet.UM.HAS.Infrastructure.Http\Raet.UM.HAS.Infrastructure.Http.csproj", "{B9BE7413-DAA7-41E1-8322-798B94805711}"
EndProject
Project("{9A19103F-16F7-4668-BE54-9A1E7A4F7556}") = "Raet.UM.HAS.Infrastructure.Tests", "Infrastructure\Raet.UM.HAS.Infrastructure.Tests\Raet.UM.HAS.Infrastructure.Tests.csproj", "{3ACB9A88-B676-4B61-94C9-C12CFE2FFB0A}"
EndProject
Project("{9A19103F-16F7-4668-BE54-9A1E7A4F7556}") = "Raet.UM.HAS.Infrastructure.Storage.Models", "Infrastructure\Raet.UM.HAS.Infrastructure.Storage.Models\Raet.UM.HAS.Infrastructure.Storage.Models.csproj", "{8B1D0725-3854-4038-9C71-B884E81FA6AB}"
EndProject
Project("{9A19103F-16F7-4668-BE54-9A1E7A4F7556}") = "Raet.UM.HAS.Core.Reporting.Tests", "Core\Raet.UM.HAS.Core.Reporting.Tests\Raet.UM.HAS.Core.Reporting.Tests.csproj", "{D85C1A00-BC52-4079-BF25-47C3F29021EB}"
EndProject
Project("{9A19103F-16F7-4668-BE54-9A1E7A4F7556}") = "Raet.UMS.HAS.Server.EventReportingStore.WebApi", "Server\Raet.UMS.HAS.Server.EventReportingStore.WebApi\Raet.UMS.HAS.Server.EventReportingStore.WebApi.csproj", "{4FDAA828-5876-4369-A300-E622CC9D7289}"
EndProject
Project("{9A19103F-16F7-4668-BE54-9A1E7A4F7556}") = "Raet.UMS.HAS.Server.EventsReportingStore.WebApi.Tests", "Server\Raet.UMS.HAS.Server.EventsReportingStore.WebApi.Tests\Raet.UMS.HAS.Server.EventsReportingStore.WebApi.Tests.csproj", "{3E1E56BA-DFB9-4D82-B70E-40672E6E5784}"
EndProject
Project("{9A19103F-16F7-4668-BE54-9A1E7A4F7556}") = "Raet.UM.HAS.Infrastructure.Storage.BLOB", "Infrastructure\Raet.UM.HAS.Infrastructure.Storage.BLOB\Raet.UM.HAS.Infrastructure.Storage.BLOB.csproj", "{30312E5F-91C9-4AA6-A256-314481C7A948}"
EndProject
Project("{9A19103F-16F7-4668-BE54-9A1E7A4F7556}") = "Raet.UM.HAS.Crosscutting.Exceptions", "Crosscutting\Raet.UM.HAS.Crosscutting.Exceptions\Raet.UM.HAS.Crosscutting.Exceptions.csproj", "{3747A52D-DBF9-45D1-AC87-1AE7F32A4079}"
EndProject
Project("{9A19103F-16F7-4668-BE54-9A1E7A4F7556}") = "Raet.UM.HAS.Infrastructure.Integration.Tests", "Infrastructure\Raet.UM.HAS.Infrastructure.Integration.Tests\Raet.UM.HAS.Infrastructure.Integration.Tests.csproj", "{1DBF018A-350C-4F95-8A7C-764F5ED1E402}"
EndProject
Project("{9A19103F-16F7-4668-BE54-9A1E7A4F7556}") = "Raet.UM.HAS.Infrastructure.Storage.Queue", "Raet.UM.HAS.Infrastructure.Storage.Queue\Raet.UM.HAS.Infrastructure.Storage.Queue.csproj", "{6EE62808-7AD7-4BC2-86EA-DD0C3A48112D}"
EndProject
Project("{9A19103F-16F7-4668-BE54-9A1E7A4F7556}") = "Raet.UM.HAS.Core.InitialLoad", "Raet.UM.HAS.Core.InitialLoad\Raet.UM.HAS.Core.InitialLoad.csproj", "{7A26DF1D-801E-499C-80D0-173FD1676B11}"
EndProject
Project("{9A19103F-16F7-4668-BE54-9A1E7A4F7556}") = "Reat.UM.HAS.Core.GenerateReport", "Reat.UM.HAS.Core.GenerateReport\Reat.UM.HAS.Core.GenerateReport.csproj", "{BB126034-85C4-4C5E-B619-BE5909C33F5B}"
EndProject
Project("{9A19103F-16F7-4668-BE54-9A1E7A4F7556}") = "Raet.UM.HAS.Server.ReatHasGdprFunctionApps", "Server\Raet.UM.HAS.Server.ReatHasGdprFunctionApps\Raet.UM.HAS.Server.ReatHasGdprFunctionApps.csproj", "{2E042F4A-2C26-4BDF-81CC-B8FBE191B55F}"
	ProjectSection(ProjectDependencies) = postProject
		{289D7C40-ACA6-4ECD-8C5F-AF60D939B34B} = {289D7C40-ACA6-4ECD-8C5F-AF60D939B34B}
		{37AAA063-799E-433E-A00E-28540C2E3553} = {37AAA063-799E-433E-A00E-28540C2E3553}
		{6398F5E5-857B-47D3-BAE8-FC2E9157ED20} = {6398F5E5-857B-47D3-BAE8-FC2E9157ED20}
	EndProjectSection
EndProject
Global
	GlobalSection(SolutionConfigurationPlatforms) = preSolution
		Debug|Any CPU = Debug|Any CPU
		Release|Any CPU = Release|Any CPU
	EndGlobalSection
	GlobalSection(ProjectConfigurationPlatforms) = postSolution
		{0265C8F1-246D-46FF-9F50-CC56A1C3274B}.Debug|Any CPU.ActiveCfg = Debug|Any CPU
		{0265C8F1-246D-46FF-9F50-CC56A1C3274B}.Debug|Any CPU.Build.0 = Debug|Any CPU
		{0265C8F1-246D-46FF-9F50-CC56A1C3274B}.Release|Any CPU.ActiveCfg = Release|Any CPU
		{0265C8F1-246D-46FF-9F50-CC56A1C3274B}.Release|Any CPU.Build.0 = Release|Any CPU
		{6C718E6C-BF6F-4AA1-A1CF-6BD5E60BF27A}.Debug|Any CPU.ActiveCfg = Debug|Any CPU
		{6C718E6C-BF6F-4AA1-A1CF-6BD5E60BF27A}.Debug|Any CPU.Build.0 = Debug|Any CPU
		{6C718E6C-BF6F-4AA1-A1CF-6BD5E60BF27A}.Release|Any CPU.ActiveCfg = Release|Any CPU
		{6C718E6C-BF6F-4AA1-A1CF-6BD5E60BF27A}.Release|Any CPU.Build.0 = Release|Any CPU
		{765E540B-0922-495D-8B7B-038D1B93A968}.Debug|Any CPU.ActiveCfg = Debug|Any CPU
		{765E540B-0922-495D-8B7B-038D1B93A968}.Debug|Any CPU.Build.0 = Debug|Any CPU
		{765E540B-0922-495D-8B7B-038D1B93A968}.Release|Any CPU.ActiveCfg = Release|Any CPU
		{765E540B-0922-495D-8B7B-038D1B93A968}.Release|Any CPU.Build.0 = Release|Any CPU
		{253CC445-41BC-43FE-B8C8-9E0A4017266C}.Debug|Any CPU.ActiveCfg = Debug|Any CPU
		{253CC445-41BC-43FE-B8C8-9E0A4017266C}.Debug|Any CPU.Build.0 = Debug|Any CPU
		{253CC445-41BC-43FE-B8C8-9E0A4017266C}.Release|Any CPU.ActiveCfg = Release|Any CPU
		{253CC445-41BC-43FE-B8C8-9E0A4017266C}.Release|Any CPU.Build.0 = Release|Any CPU
		{6398F5E5-857B-47D3-BAE8-FC2E9157ED20}.Debug|Any CPU.ActiveCfg = Debug|Any CPU
		{6398F5E5-857B-47D3-BAE8-FC2E9157ED20}.Debug|Any CPU.Build.0 = Debug|Any CPU
		{6398F5E5-857B-47D3-BAE8-FC2E9157ED20}.Release|Any CPU.ActiveCfg = Release|Any CPU
		{6398F5E5-857B-47D3-BAE8-FC2E9157ED20}.Release|Any CPU.Build.0 = Release|Any CPU
		{58F866EC-6128-4124-91C0-8EF9E37CC319}.Debug|Any CPU.ActiveCfg = Debug|Any CPU
		{58F866EC-6128-4124-91C0-8EF9E37CC319}.Debug|Any CPU.Build.0 = Debug|Any CPU
		{58F866EC-6128-4124-91C0-8EF9E37CC319}.Release|Any CPU.ActiveCfg = Release|Any CPU
		{58F866EC-6128-4124-91C0-8EF9E37CC319}.Release|Any CPU.Build.0 = Release|Any CPU
		{65A19A38-46EF-491D-AD44-AF820CFE3F81}.Debug|Any CPU.ActiveCfg = Debug|Any CPU
		{65A19A38-46EF-491D-AD44-AF820CFE3F81}.Debug|Any CPU.Build.0 = Debug|Any CPU
		{65A19A38-46EF-491D-AD44-AF820CFE3F81}.Release|Any CPU.ActiveCfg = Release|Any CPU
		{65A19A38-46EF-491D-AD44-AF820CFE3F81}.Release|Any CPU.Build.0 = Release|Any CPU
		{6C3A512D-F6BA-4A97-8448-B7795C925442}.Debug|Any CPU.ActiveCfg = Debug|Any CPU
		{6C3A512D-F6BA-4A97-8448-B7795C925442}.Debug|Any CPU.Build.0 = Debug|Any CPU
		{6C3A512D-F6BA-4A97-8448-B7795C925442}.Release|Any CPU.ActiveCfg = Release|Any CPU
		{6C3A512D-F6BA-4A97-8448-B7795C925442}.Release|Any CPU.Build.0 = Release|Any CPU
		{FA393602-E03C-4BB4-ADB8-B23571F1645E}.Debug|Any CPU.ActiveCfg = Debug|Any CPU
		{FA393602-E03C-4BB4-ADB8-B23571F1645E}.Debug|Any CPU.Build.0 = Debug|Any CPU
		{FA393602-E03C-4BB4-ADB8-B23571F1645E}.Release|Any CPU.ActiveCfg = Release|Any CPU
		{FA393602-E03C-4BB4-ADB8-B23571F1645E}.Release|Any CPU.Build.0 = Release|Any CPU
		{176D94A6-2B5A-44FE-A7BD-88775DD39C23}.Debug|Any CPU.ActiveCfg = Debug|Any CPU
		{176D94A6-2B5A-44FE-A7BD-88775DD39C23}.Debug|Any CPU.Build.0 = Debug|Any CPU
		{176D94A6-2B5A-44FE-A7BD-88775DD39C23}.Release|Any CPU.ActiveCfg = Release|Any CPU
		{176D94A6-2B5A-44FE-A7BD-88775DD39C23}.Release|Any CPU.Build.0 = Release|Any CPU
		{289D7C40-ACA6-4ECD-8C5F-AF60D939B34B}.Debug|Any CPU.ActiveCfg = Debug|Any CPU
		{289D7C40-ACA6-4ECD-8C5F-AF60D939B34B}.Debug|Any CPU.Build.0 = Debug|Any CPU
		{289D7C40-ACA6-4ECD-8C5F-AF60D939B34B}.Release|Any CPU.ActiveCfg = Release|Any CPU
		{289D7C40-ACA6-4ECD-8C5F-AF60D939B34B}.Release|Any CPU.Build.0 = Release|Any CPU
		{BCCACE63-6720-47ED-BC65-AAAB747ED9B3}.Debug|Any CPU.ActiveCfg = Debug|Any CPU
		{BCCACE63-6720-47ED-BC65-AAAB747ED9B3}.Debug|Any CPU.Build.0 = Debug|Any CPU
		{BCCACE63-6720-47ED-BC65-AAAB747ED9B3}.Release|Any CPU.ActiveCfg = Release|Any CPU
		{BCCACE63-6720-47ED-BC65-AAAB747ED9B3}.Release|Any CPU.Build.0 = Release|Any CPU
		{37AAA063-799E-433E-A00E-28540C2E3553}.Debug|Any CPU.ActiveCfg = Debug|Any CPU
		{37AAA063-799E-433E-A00E-28540C2E3553}.Debug|Any CPU.Build.0 = Debug|Any CPU
		{37AAA063-799E-433E-A00E-28540C2E3553}.Release|Any CPU.ActiveCfg = Release|Any CPU
		{37AAA063-799E-433E-A00E-28540C2E3553}.Release|Any CPU.Build.0 = Release|Any CPU
		{B9BE7413-DAA7-41E1-8322-798B94805711}.Debug|Any CPU.ActiveCfg = Debug|Any CPU
		{B9BE7413-DAA7-41E1-8322-798B94805711}.Debug|Any CPU.Build.0 = Debug|Any CPU
		{B9BE7413-DAA7-41E1-8322-798B94805711}.Release|Any CPU.ActiveCfg = Release|Any CPU
		{B9BE7413-DAA7-41E1-8322-798B94805711}.Release|Any CPU.Build.0 = Release|Any CPU
		{3ACB9A88-B676-4B61-94C9-C12CFE2FFB0A}.Debug|Any CPU.ActiveCfg = Debug|Any CPU
		{3ACB9A88-B676-4B61-94C9-C12CFE2FFB0A}.Debug|Any CPU.Build.0 = Debug|Any CPU
		{3ACB9A88-B676-4B61-94C9-C12CFE2FFB0A}.Release|Any CPU.ActiveCfg = Release|Any CPU
		{3ACB9A88-B676-4B61-94C9-C12CFE2FFB0A}.Release|Any CPU.Build.0 = Release|Any CPU
		{8B1D0725-3854-4038-9C71-B884E81FA6AB}.Debug|Any CPU.ActiveCfg = Debug|Any CPU
		{8B1D0725-3854-4038-9C71-B884E81FA6AB}.Debug|Any CPU.Build.0 = Debug|Any CPU
		{8B1D0725-3854-4038-9C71-B884E81FA6AB}.Release|Any CPU.ActiveCfg = Release|Any CPU
		{8B1D0725-3854-4038-9C71-B884E81FA6AB}.Release|Any CPU.Build.0 = Release|Any CPU
		{D85C1A00-BC52-4079-BF25-47C3F29021EB}.Debug|Any CPU.ActiveCfg = Debug|Any CPU
		{D85C1A00-BC52-4079-BF25-47C3F29021EB}.Debug|Any CPU.Build.0 = Debug|Any CPU
		{D85C1A00-BC52-4079-BF25-47C3F29021EB}.Release|Any CPU.ActiveCfg = Release|Any CPU
		{D85C1A00-BC52-4079-BF25-47C3F29021EB}.Release|Any CPU.Build.0 = Release|Any CPU
		{4FDAA828-5876-4369-A300-E622CC9D7289}.Debug|Any CPU.ActiveCfg = Debug|Any CPU
		{4FDAA828-5876-4369-A300-E622CC9D7289}.Debug|Any CPU.Build.0 = Debug|Any CPU
		{4FDAA828-5876-4369-A300-E622CC9D7289}.Release|Any CPU.ActiveCfg = Release|Any CPU
		{4FDAA828-5876-4369-A300-E622CC9D7289}.Release|Any CPU.Build.0 = Release|Any CPU
		{3E1E56BA-DFB9-4D82-B70E-40672E6E5784}.Debug|Any CPU.ActiveCfg = Debug|Any CPU
		{3E1E56BA-DFB9-4D82-B70E-40672E6E5784}.Debug|Any CPU.Build.0 = Debug|Any CPU
		{3E1E56BA-DFB9-4D82-B70E-40672E6E5784}.Release|Any CPU.ActiveCfg = Release|Any CPU
		{3E1E56BA-DFB9-4D82-B70E-40672E6E5784}.Release|Any CPU.Build.0 = Release|Any CPU
		{30312E5F-91C9-4AA6-A256-314481C7A948}.Debug|Any CPU.ActiveCfg = Debug|Any CPU
		{30312E5F-91C9-4AA6-A256-314481C7A948}.Debug|Any CPU.Build.0 = Debug|Any CPU
		{30312E5F-91C9-4AA6-A256-314481C7A948}.Release|Any CPU.ActiveCfg = Release|Any CPU
		{30312E5F-91C9-4AA6-A256-314481C7A948}.Release|Any CPU.Build.0 = Release|Any CPU
		{3747A52D-DBF9-45D1-AC87-1AE7F32A4079}.Debug|Any CPU.ActiveCfg = Debug|Any CPU
		{3747A52D-DBF9-45D1-AC87-1AE7F32A4079}.Debug|Any CPU.Build.0 = Debug|Any CPU
		{3747A52D-DBF9-45D1-AC87-1AE7F32A4079}.Release|Any CPU.ActiveCfg = Release|Any CPU
		{3747A52D-DBF9-45D1-AC87-1AE7F32A4079}.Release|Any CPU.Build.0 = Release|Any CPU
		{1DBF018A-350C-4F95-8A7C-764F5ED1E402}.Debug|Any CPU.ActiveCfg = Debug|Any CPU
		{1DBF018A-350C-4F95-8A7C-764F5ED1E402}.Debug|Any CPU.Build.0 = Debug|Any CPU
		{1DBF018A-350C-4F95-8A7C-764F5ED1E402}.Release|Any CPU.ActiveCfg = Release|Any CPU
		{1DBF018A-350C-4F95-8A7C-764F5ED1E402}.Release|Any CPU.Build.0 = Release|Any CPU
		{6EE62808-7AD7-4BC2-86EA-DD0C3A48112D}.Debug|Any CPU.ActiveCfg = Debug|Any CPU
		{6EE62808-7AD7-4BC2-86EA-DD0C3A48112D}.Debug|Any CPU.Build.0 = Debug|Any CPU
		{6EE62808-7AD7-4BC2-86EA-DD0C3A48112D}.Release|Any CPU.ActiveCfg = Release|Any CPU
		{6EE62808-7AD7-4BC2-86EA-DD0C3A48112D}.Release|Any CPU.Build.0 = Release|Any CPU
		{7A26DF1D-801E-499C-80D0-173FD1676B11}.Debug|Any CPU.ActiveCfg = Debug|Any CPU
		{7A26DF1D-801E-499C-80D0-173FD1676B11}.Debug|Any CPU.Build.0 = Debug|Any CPU
		{7A26DF1D-801E-499C-80D0-173FD1676B11}.Release|Any CPU.ActiveCfg = Release|Any CPU
		{7A26DF1D-801E-499C-80D0-173FD1676B11}.Release|Any CPU.Build.0 = Release|Any CPU
		{BB126034-85C4-4C5E-B619-BE5909C33F5B}.Debug|Any CPU.ActiveCfg = Debug|Any CPU
		{BB126034-85C4-4C5E-B619-BE5909C33F5B}.Debug|Any CPU.Build.0 = Debug|Any CPU
		{BB126034-85C4-4C5E-B619-BE5909C33F5B}.Release|Any CPU.ActiveCfg = Release|Any CPU
		{BB126034-85C4-4C5E-B619-BE5909C33F5B}.Release|Any CPU.Build.0 = Release|Any CPU
		{2E042F4A-2C26-4BDF-81CC-B8FBE191B55F}.Debug|Any CPU.ActiveCfg = Debug|Any CPU
		{2E042F4A-2C26-4BDF-81CC-B8FBE191B55F}.Debug|Any CPU.Build.0 = Debug|Any CPU
		{2E042F4A-2C26-4BDF-81CC-B8FBE191B55F}.Release|Any CPU.ActiveCfg = Release|Any CPU
		{2E042F4A-2C26-4BDF-81CC-B8FBE191B55F}.Release|Any CPU.Build.0 = Release|Any CPU
	EndGlobalSection
	GlobalSection(SolutionProperties) = preSolution
		HideSolutionNode = FALSE
	EndGlobalSection
	GlobalSection(NestedProjects) = preSolution
		{0265C8F1-246D-46FF-9F50-CC56A1C3274B} = {07CA1472-1C7D-400F-BFCC-FB0E09FAEE6E}
		{6C718E6C-BF6F-4AA1-A1CF-6BD5E60BF27A} = {07CA1472-1C7D-400F-BFCC-FB0E09FAEE6E}
		{765E540B-0922-495D-8B7B-038D1B93A968} = {72E6E038-4999-468D-83E2-E8C4AB2A116F}
		{253CC445-41BC-43FE-B8C8-9E0A4017266C} = {72E6E038-4999-468D-83E2-E8C4AB2A116F}
		{6398F5E5-857B-47D3-BAE8-FC2E9157ED20} = {725BFAA5-A2C8-41E4-9BD0-622A86E14483}
		{58F866EC-6128-4124-91C0-8EF9E37CC319} = {DE8256F6-675C-41B1-8540-E154F6590EA3}
		{65A19A38-46EF-491D-AD44-AF820CFE3F81} = {DE8256F6-675C-41B1-8540-E154F6590EA3}
		{6C3A512D-F6BA-4A97-8448-B7795C925442} = {FD1F3700-5A41-4006-97F7-46E539FB116B}
		{FA393602-E03C-4BB4-ADB8-B23571F1645E} = {18982B65-9578-4BA1-AE67-FFDA0086D9E2}
		{176D94A6-2B5A-44FE-A7BD-88775DD39C23} = {72E6E038-4999-468D-83E2-E8C4AB2A116F}
		{289D7C40-ACA6-4ECD-8C5F-AF60D939B34B} = {72E6E038-4999-468D-83E2-E8C4AB2A116F}
		{BCCACE63-6720-47ED-BC65-AAAB747ED9B3} = {210DB770-715E-4CE2-ADE9-6042FF131ACF}
		{37AAA063-799E-433E-A00E-28540C2E3553} = {725BFAA5-A2C8-41E4-9BD0-622A86E14483}
		{B9BE7413-DAA7-41E1-8322-798B94805711} = {725BFAA5-A2C8-41E4-9BD0-622A86E14483}
		{3ACB9A88-B676-4B61-94C9-C12CFE2FFB0A} = {725BFAA5-A2C8-41E4-9BD0-622A86E14483}
		{8B1D0725-3854-4038-9C71-B884E81FA6AB} = {725BFAA5-A2C8-41E4-9BD0-622A86E14483}
		{D85C1A00-BC52-4079-BF25-47C3F29021EB} = {72E6E038-4999-468D-83E2-E8C4AB2A116F}
		{4FDAA828-5876-4369-A300-E622CC9D7289} = {07CA1472-1C7D-400F-BFCC-FB0E09FAEE6E}
		{3E1E56BA-DFB9-4D82-B70E-40672E6E5784} = {07CA1472-1C7D-400F-BFCC-FB0E09FAEE6E}
		{30312E5F-91C9-4AA6-A256-314481C7A948} = {725BFAA5-A2C8-41E4-9BD0-622A86E14483}
		{3747A52D-DBF9-45D1-AC87-1AE7F32A4079} = {DE8256F6-675C-41B1-8540-E154F6590EA3}
		{1DBF018A-350C-4F95-8A7C-764F5ED1E402} = {725BFAA5-A2C8-41E4-9BD0-622A86E14483}
		{6EE62808-7AD7-4BC2-86EA-DD0C3A48112D} = {725BFAA5-A2C8-41E4-9BD0-622A86E14483}
		{7A26DF1D-801E-499C-80D0-173FD1676B11} = {72E6E038-4999-468D-83E2-E8C4AB2A116F}
		{BB126034-85C4-4C5E-B619-BE5909C33F5B} = {72E6E038-4999-468D-83E2-E8C4AB2A116F}
		{2E042F4A-2C26-4BDF-81CC-B8FBE191B55F} = {07CA1472-1C7D-400F-BFCC-FB0E09FAEE6E}
	EndGlobalSection
	GlobalSection(ExtensibilityGlobals) = postSolution
		SolutionGuid = {8A01FA55-CAD0-4388-9C44-7F29FB33428D}
	EndGlobalSection
EndGlobal
